
Microsoft Visual Studio Solution File, Format Version 11.00
# Visual Studio 2010
# SharpDevelop 4.4
Project("{FAE04EC0-301F-11D3-BF4B-00C04F79EFBC}") = "moonsharpwpf_sharpdevelop", "moonsharpwpf_sharpdevelop.csproj", "{F695BE28-D7DC-4326-A064-C9F602397EC2}"
EndProject
Global
	GlobalSection(SolutionConfigurationPlatforms) = preSolution
		Debug|Any CPU = Debug|Any CPU
		Release|Any CPU = Release|Any CPU
	EndGlobalSection
	GlobalSection(ProjectConfigurationPlatforms) = postSolution
		{F695BE28-D7DC-4326-A064-C9F602397EC2}.Debug|Any CPU.Build.0 = Debug|Any CPU
		{F695BE28-D7DC-4326-A064-C9F602397EC2}.Debug|Any CPU.ActiveCfg = Debug|Any CPU
		{F695BE28-D7DC-4326-A064-C9F602397EC2}.Release|Any CPU.Build.0 = Release|Any CPU
		{F695BE28-D7DC-4326-A064-C9F602397EC2}.Release|Any CPU.ActiveCfg = Release|Any CPU
	EndGlobalSection
EndGlobal
